
Microsoft Visual Studio Solution File, Format Version 12.00
# Visual Studio Version 16
VisualStudioVersion = 16.0.30330.147
MinimumVisualStudioVersion = 10.0.40219.1
Project("{9A19103F-16F7-4668-BE54-9A1E7A4F7556}") = "Target365.Sdk", "Target365.Sdk.csproj", "{E5FAAB84-7FDD-4849-BF1B-0339D202C029}"
EndProject
Global
	GlobalSection(SolutionConfigurationPlatforms) = preSolution
		Debug|Any CPU = Debug|Any CPU
		Release|Any CPU = Release|Any CPU
	EndGlobalSection
	GlobalSection(ProjectConfigurationPlatforms) = postSolution
		{E5FAAB84-7FDD-4849-BF1B-0339D202C029}.Debug|Any CPU.ActiveCfg = Debug|Any CPU
		{E5FAAB84-7FDD-4849-BF1B-0339D202C029}.Debug|Any CPU.Build.0 = Debug|Any CPU
		{E5FAAB84-7FDD-4849-BF1B-0339D202C029}.Release|Any CPU.ActiveCfg = Release|Any CPU
		{E5FAAB84-7FDD-4849-BF1B-0339D202C029}.Release|Any CPU.Build.0 = Release|Any CPU
	EndGlobalSection
	GlobalSection(SolutionProperties) = preSolution
		HideSolutionNode = FALSE
	EndGlobalSection
	GlobalSection(ExtensibilityGlobals) = postSolution
		SolutionGuid = {42F84BFD-6070-42FC-86E3-BF0652F52CDC}
	EndGlobalSection
EndGlobal
